
Microsoft Visual Studio Solution File, Format Version 12.00
# Visual Studio Version 17
VisualStudioVersion = 17.0.32014.148
MinimumVisualStudioVersion = 10.0.40219.1
Project("{9A19103F-16F7-4668-BE54-9A1E7A4F7556}") = "Ex01", "Ex1\Ex01.csproj", "{9AD862E3-12E9-4924-90A7-24CB9800C627}"
EndProject
Project("{2150E333-8FDC-42A3-9474-1A3956D46DE8}") = "Solution Items", "Solution Items", "{232393BF-4B65-4AA9-82A2-8EC489406E1D}"
	ProjectSection(SolutionItems) = preProject
		Ex1\ExercisesQuestions.txt = Ex1\ExercisesQuestions.txt
	EndProjectSection
EndProject
Project("{FAE04EC0-301F-11D3-BF4B-00C04F79EFBC}") = "Ex02", "Ex2\Ex02.csproj", "{9DA36F08-09B7-4E64-85DF-0A9FE552C2C3}"
EndProject
Project("{FAE04EC0-301F-11D3-BF4B-00C04F79EFBC}") = "Ex03", "Ex3\Ex03.csproj", "{65B677B0-0E54-40F9-A981-1BF7C5193284}"
EndProject
Project("{FAE04EC0-301F-11D3-BF4B-00C04F79EFBC}") = "Ex04", "Ex4\Ex04.csproj", "{EC47CF0F-1DD8-433C-BE83-6FCD20612BCA}"
EndProject
Project("{FAE04EC0-301F-11D3-BF4B-00C04F79EFBC}") = "Ex05", "Ex5\Ex05.csproj", "{6146E8B2-7AAF-475D-9ECF-9F910DC22EF9}"
EndProject
Project("{FAE04EC0-301F-11D3-BF4B-00C04F79EFBC}") = "Ex06", "Ex6\Ex06.csproj", "{23B30DA0-8911-4709-9D46-4AF1907725B8}"
EndProject
Project("{FAE04EC0-301F-11D3-BF4B-00C04F79EFBC}") = "Ex07", "Ex7\Ex07.csproj", "{1A5A2EEA-96E5-442C-9030-F2B1B61E4FC9}"
EndProject
Project("{FAE04EC0-301F-11D3-BF4B-00C04F79EFBC}") = "Ex08", "Ex8\Ex08.csproj", "{9C703D7C-D0D0-49CD-97EA-40D44A061A2A}"
EndProject
Project("{FAE04EC0-301F-11D3-BF4B-00C04F79EFBC}") = "Ex09", "Ex9\Ex09.csproj", "{3F726B9D-D94E-46D7-A782-D1FE225F670C}"
EndProject
Project("{FAE04EC0-301F-11D3-BF4B-00C04F79EFBC}") = "Ex10", "Ex10\Ex10.csproj", "{FFB785AC-0205-48C9-B1C3-9BDAADD80519}"
EndProject
Project("{FAE04EC0-301F-11D3-BF4B-00C04F79EFBC}") = "Ex11", "Ex11\Ex11.csproj", "{21858BD0-5E08-4F28-8B42-6AAB1F6A2AFE}"
EndProject
Project("{FAE04EC0-301F-11D3-BF4B-00C04F79EFBC}") = "Ex12", "Ax12\Ex12.csproj", "{4CC8296E-B769-4518-A2CE-AA9A97076328}"
EndProject
Project("{FAE04EC0-301F-11D3-BF4B-00C04F79EFBC}") = "Ex13", "Ex13\Ex13.csproj", "{223633F7-162F-442C-8626-28D8F2CF7EDB}"
EndProject
Project("{FAE04EC0-301F-11D3-BF4B-00C04F79EFBC}") = "Ex14", "Ex14\Ex14.csproj", "{103C24C9-200D-45E6-9899-C861E6EFA41C}"
EndProject
Project("{FAE04EC0-301F-11D3-BF4B-00C04F79EFBC}") = "Ex15", "Ex15\Ex15.csproj", "{C2285326-BBE2-4810-84A5-B93DBF13F7F6}"
EndProject
Project("{FAE04EC0-301F-11D3-BF4B-00C04F79EFBC}") = "Ex16", "Ex16\Ex16.csproj", "{81F02112-2E75-4148-80CF-05AF25239DB7}"
EndProject
Project("{FAE04EC0-301F-11D3-BF4B-00C04F79EFBC}") = "Ex17", "Ex17\Ex17.csproj", "{F6047C2F-D99E-46A6-A0BF-6FE28C444E69}"
EndProject
Project("{FAE04EC0-301F-11D3-BF4B-00C04F79EFBC}") = "Ex18", "Ex18\Ex18.csproj", "{2EFC7FFF-F660-43BF-815F-A035836314D7}"
EndProject
Project("{FAE04EC0-301F-11D3-BF4B-00C04F79EFBC}") = "Ex19", "Ex19\Ex19.csproj", "{7B29BC8D-DA73-4EB8-954A-66E7C9358553}"
EndProject
Project("{FAE04EC0-301F-11D3-BF4B-00C04F79EFBC}") = "Ex20", "Ex20\Ex20.csproj", "{755B6168-B205-485A-AA09-F161EAB94AAF}"
EndProject
Project("{FAE04EC0-301F-11D3-BF4B-00C04F79EFBC}") = "Ex21", "Ex21\Ex21.csproj", "{011109AF-4C5C-4CAF-A06A-4620C978F1BD}"
EndProject
Project("{FAE04EC0-301F-11D3-BF4B-00C04F79EFBC}") = "Ex22", "Ex22\Ex22.csproj", "{7E319CBB-E7EA-4412-882C-46E3C1154E6F}"
EndProject
Project("{FAE04EC0-301F-11D3-BF4B-00C04F79EFBC}") = "Ex23", "Ex23\Ex23.csproj", "{55990866-C33D-4D59-A3D1-37C4D1DCEA0D}"
EndProject
Project("{FAE04EC0-301F-11D3-BF4B-00C04F79EFBC}") = "Ex24", "Ex24\Ex24.csproj", "{47C0C00E-E4C9-4F73-8A7C-C171F46A125A}"
EndProject
Project("{FAE04EC0-301F-11D3-BF4B-00C04F79EFBC}") = "Ex25", "Ex25\Ex25.csproj", "{DB37738B-4E4C-4005-AE87-B01FBC9C13C0}"
EndProject
Project("{FAE04EC0-301F-11D3-BF4B-00C04F79EFBC}") = "Ex26", "Ex26\Ex26.csproj", "{18A07653-888D-4D42-BB1C-AC42EFC93A95}"
EndProject
Project("{FAE04EC0-301F-11D3-BF4B-00C04F79EFBC}") = "Ex27", "Ex27\Ex27.csproj", "{AC7ACB40-3B62-40E6-A817-2C82CDF77BB2}"
EndProject
Project("{FAE04EC0-301F-11D3-BF4B-00C04F79EFBC}") = "Ex28", "Ex28\Ex28.csproj", "{8B1BE211-9082-4F09-ACB0-50EFBA567478}"
EndProject
Project("{FAE04EC0-301F-11D3-BF4B-00C04F79EFBC}") = "Ex29", "Ex29\Ex29.csproj", "{2511C4A3-6DA6-4894-AAE1-9E8904599F22}"
EndProject
Project("{FAE04EC0-301F-11D3-BF4B-00C04F79EFBC}") = "Ex30", "Ex30\Ex30.csproj", "{EEFEC913-6D38-4034-99D7-85ADE3B58F3D}"
EndProject
Global
	GlobalSection(SolutionConfigurationPlatforms) = preSolution
		Debug|Any CPU = Debug|Any CPU
		Release|Any CPU = Release|Any CPU
	EndGlobalSection
	GlobalSection(ProjectConfigurationPlatforms) = postSolution
		{9AD862E3-12E9-4924-90A7-24CB9800C627}.Debug|Any CPU.ActiveCfg = Debug|Any CPU
		{9AD862E3-12E9-4924-90A7-24CB9800C627}.Debug|Any CPU.Build.0 = Debug|Any CPU
		{9AD862E3-12E9-4924-90A7-24CB9800C627}.Release|Any CPU.ActiveCfg = Release|Any CPU
		{9AD862E3-12E9-4924-90A7-24CB9800C627}.Release|Any CPU.Build.0 = Release|Any CPU
		{9DA36F08-09B7-4E64-85DF-0A9FE552C2C3}.Debug|Any CPU.ActiveCfg = Debug|Any CPU
		{9DA36F08-09B7-4E64-85DF-0A9FE552C2C3}.Debug|Any CPU.Build.0 = Debug|Any CPU
		{9DA36F08-09B7-4E64-85DF-0A9FE552C2C3}.Release|Any CPU.ActiveCfg = Release|Any CPU
		{9DA36F08-09B7-4E64-85DF-0A9FE552C2C3}.Release|Any CPU.Build.0 = Release|Any CPU
		{65B677B0-0E54-40F9-A981-1BF7C5193284}.Debug|Any CPU.ActiveCfg = Debug|Any CPU
		{65B677B0-0E54-40F9-A981-1BF7C5193284}.Debug|Any CPU.Build.0 = Debug|Any CPU
		{65B677B0-0E54-40F9-A981-1BF7C5193284}.Release|Any CPU.ActiveCfg = Release|Any CPU
		{65B677B0-0E54-40F9-A981-1BF7C5193284}.Release|Any CPU.Build.0 = Release|Any CPU
		{EC47CF0F-1DD8-433C-BE83-6FCD20612BCA}.Debug|Any CPU.ActiveCfg = Debug|Any CPU
		{EC47CF0F-1DD8-433C-BE83-6FCD20612BCA}.Debug|Any CPU.Build.0 = Debug|Any CPU
		{EC47CF0F-1DD8-433C-BE83-6FCD20612BCA}.Release|Any CPU.ActiveCfg = Release|Any CPU
		{EC47CF0F-1DD8-433C-BE83-6FCD20612BCA}.Release|Any CPU.Build.0 = Release|Any CPU
		{6146E8B2-7AAF-475D-9ECF-9F910DC22EF9}.Debug|Any CPU.ActiveCfg = Debug|Any CPU
		{6146E8B2-7AAF-475D-9ECF-9F910DC22EF9}.Debug|Any CPU.Build.0 = Debug|Any CPU
		{6146E8B2-7AAF-475D-9ECF-9F910DC22EF9}.Release|Any CPU.ActiveCfg = Release|Any CPU
		{6146E8B2-7AAF-475D-9ECF-9F910DC22EF9}.Release|Any CPU.Build.0 = Release|Any CPU
		{23B30DA0-8911-4709-9D46-4AF1907725B8}.Debug|Any CPU.ActiveCfg = Debug|Any CPU
		{23B30DA0-8911-4709-9D46-4AF1907725B8}.Debug|Any CPU.Build.0 = Debug|Any CPU
		{23B30DA0-8911-4709-9D46-4AF1907725B8}.Release|Any CPU.ActiveCfg = Release|Any CPU
		{23B30DA0-8911-4709-9D46-4AF1907725B8}.Release|Any CPU.Build.0 = Release|Any CPU
		{1A5A2EEA-96E5-442C-9030-F2B1B61E4FC9}.Debug|Any CPU.ActiveCfg = Debug|Any CPU
		{1A5A2EEA-96E5-442C-9030-F2B1B61E4FC9}.Debug|Any CPU.Build.0 = Debug|Any CPU
		{1A5A2EEA-96E5-442C-9030-F2B1B61E4FC9}.Release|Any CPU.ActiveCfg = Release|Any CPU
		{1A5A2EEA-96E5-442C-9030-F2B1B61E4FC9}.Release|Any CPU.Build.0 = Release|Any CPU
		{9C703D7C-D0D0-49CD-97EA-40D44A061A2A}.Debug|Any CPU.ActiveCfg = Debug|Any CPU
		{9C703D7C-D0D0-49CD-97EA-40D44A061A2A}.Debug|Any CPU.Build.0 = Debug|Any CPU
		{9C703D7C-D0D0-49CD-97EA-40D44A061A2A}.Release|Any CPU.ActiveCfg = Release|Any CPU
		{9C703D7C-D0D0-49CD-97EA-40D44A061A2A}.Release|Any CPU.Build.0 = Release|Any CPU
		{3F726B9D-D94E-46D7-A782-D1FE225F670C}.Debug|Any CPU.ActiveCfg = Debug|Any CPU
		{3F726B9D-D94E-46D7-A782-D1FE225F670C}.Debug|Any CPU.Build.0 = Debug|Any CPU
		{3F726B9D-D94E-46D7-A782-D1FE225F670C}.Release|Any CPU.ActiveCfg = Release|Any CPU
		{3F726B9D-D94E-46D7-A782-D1FE225F670C}.Release|Any CPU.Build.0 = Release|Any CPU
		{FFB785AC-0205-48C9-B1C3-9BDAADD80519}.Debug|Any CPU.ActiveCfg = Debug|Any CPU
		{FFB785AC-0205-48C9-B1C3-9BDAADD80519}.Debug|Any CPU.Build.0 = Debug|Any CPU
		{FFB785AC-0205-48C9-B1C3-9BDAADD80519}.Release|Any CPU.ActiveCfg = Release|Any CPU
		{FFB785AC-0205-48C9-B1C3-9BDAADD80519}.Release|Any CPU.Build.0 = Release|Any CPU
		{21858BD0-5E08-4F28-8B42-6AAB1F6A2AFE}.Debug|Any CPU.ActiveCfg = Debug|Any CPU
		{21858BD0-5E08-4F28-8B42-6AAB1F6A2AFE}.Debug|Any CPU.Build.0 = Debug|Any CPU
		{21858BD0-5E08-4F28-8B42-6AAB1F6A2AFE}.Release|Any CPU.ActiveCfg = Release|Any CPU
		{21858BD0-5E08-4F28-8B42-6AAB1F6A2AFE}.Release|Any CPU.Build.0 = Release|Any CPU
		{4CC8296E-B769-4518-A2CE-AA9A97076328}.Debug|Any CPU.ActiveCfg = Debug|Any CPU
		{4CC8296E-B769-4518-A2CE-AA9A97076328}.Debug|Any CPU.Build.0 = Debug|Any CPU
		{4CC8296E-B769-4518-A2CE-AA9A97076328}.Release|Any CPU.ActiveCfg = Release|Any CPU
		{4CC8296E-B769-4518-A2CE-AA9A97076328}.Release|Any CPU.Build.0 = Release|Any CPU
		{223633F7-162F-442C-8626-28D8F2CF7EDB}.Debug|Any CPU.ActiveCfg = Debug|Any CPU
		{223633F7-162F-442C-8626-28D8F2CF7EDB}.Debug|Any CPU.Build.0 = Debug|Any CPU
		{223633F7-162F-442C-8626-28D8F2CF7EDB}.Release|Any CPU.ActiveCfg = Release|Any CPU
		{223633F7-162F-442C-8626-28D8F2CF7EDB}.Release|Any CPU.Build.0 = Release|Any CPU
		{103C24C9-200D-45E6-9899-C861E6EFA41C}.Debug|Any CPU.ActiveCfg = Debug|Any CPU
		{103C24C9-200D-45E6-9899-C861E6EFA41C}.Debug|Any CPU.Build.0 = Debug|Any CPU
		{103C24C9-200D-45E6-9899-C861E6EFA41C}.Release|Any CPU.ActiveCfg = Release|Any CPU
		{103C24C9-200D-45E6-9899-C861E6EFA41C}.Release|Any CPU.Build.0 = Release|Any CPU
		{C2285326-BBE2-4810-84A5-B93DBF13F7F6}.Debug|Any CPU.ActiveCfg = Debug|Any CPU
		{C2285326-BBE2-4810-84A5-B93DBF13F7F6}.Debug|Any CPU.Build.0 = Debug|Any CPU
		{C2285326-BBE2-4810-84A5-B93DBF13F7F6}.Release|Any CPU.ActiveCfg = Release|Any CPU
		{C2285326-BBE2-4810-84A5-B93DBF13F7F6}.Release|Any CPU.Build.0 = Release|Any CPU
		{81F02112-2E75-4148-80CF-05AF25239DB7}.Debug|Any CPU.ActiveCfg = Debug|Any CPU
		{81F02112-2E75-4148-80CF-05AF25239DB7}.Debug|Any CPU.Build.0 = Debug|Any CPU
		{81F02112-2E75-4148-80CF-05AF25239DB7}.Release|Any CPU.ActiveCfg = Release|Any CPU
		{81F02112-2E75-4148-80CF-05AF25239DB7}.Release|Any CPU.Build.0 = Release|Any CPU
		{F6047C2F-D99E-46A6-A0BF-6FE28C444E69}.Debug|Any CPU.ActiveCfg = Debug|Any CPU
		{F6047C2F-D99E-46A6-A0BF-6FE28C444E69}.Debug|Any CPU.Build.0 = Debug|Any CPU
		{F6047C2F-D99E-46A6-A0BF-6FE28C444E69}.Release|Any CPU.ActiveCfg = Release|Any CPU
		{F6047C2F-D99E-46A6-A0BF-6FE28C444E69}.Release|Any CPU.Build.0 = Release|Any CPU
		{2EFC7FFF-F660-43BF-815F-A035836314D7}.Debug|Any CPU.ActiveCfg = Debug|Any CPU
		{2EFC7FFF-F660-43BF-815F-A035836314D7}.Debug|Any CPU.Build.0 = Debug|Any CPU
		{2EFC7FFF-F660-43BF-815F-A035836314D7}.Release|Any CPU.ActiveCfg = Release|Any CPU
		{2EFC7FFF-F660-43BF-815F-A035836314D7}.Release|Any CPU.Build.0 = Release|Any CPU
		{7B29BC8D-DA73-4EB8-954A-66E7C9358553}.Debug|Any CPU.ActiveCfg = Debug|Any CPU
		{7B29BC8D-DA73-4EB8-954A-66E7C9358553}.Debug|Any CPU.Build.0 = Debug|Any CPU
		{7B29BC8D-DA73-4EB8-954A-66E7C9358553}.Release|Any CPU.ActiveCfg = Release|Any CPU
		{7B29BC8D-DA73-4EB8-954A-66E7C9358553}.Release|Any CPU.Build.0 = Release|Any CPU
		{755B6168-B205-485A-AA09-F161EAB94AAF}.Debug|Any CPU.ActiveCfg = Debug|Any CPU
		{755B6168-B205-485A-AA09-F161EAB94AAF}.Debug|Any CPU.Build.0 = Debug|Any CPU
		{755B6168-B205-485A-AA09-F161EAB94AAF}.Release|Any CPU.ActiveCfg = Release|Any CPU
		{755B6168-B205-485A-AA09-F161EAB94AAF}.Release|Any CPU.Build.0 = Release|Any CPU
		{011109AF-4C5C-4CAF-A06A-4620C978F1BD}.Debug|Any CPU.ActiveCfg = Debug|Any CPU
		{011109AF-4C5C-4CAF-A06A-4620C978F1BD}.Debug|Any CPU.Build.0 = Debug|Any CPU
		{011109AF-4C5C-4CAF-A06A-4620C978F1BD}.Release|Any CPU.ActiveCfg = Release|Any CPU
		{011109AF-4C5C-4CAF-A06A-4620C978F1BD}.Release|Any CPU.Build.0 = Release|Any CPU
		{7E319CBB-E7EA-4412-882C-46E3C1154E6F}.Debug|Any CPU.ActiveCfg = Debug|Any CPU
		{7E319CBB-E7EA-4412-882C-46E3C1154E6F}.Debug|Any CPU.Build.0 = Debug|Any CPU
		{7E319CBB-E7EA-4412-882C-46E3C1154E6F}.Release|Any CPU.ActiveCfg = Release|Any CPU
		{7E319CBB-E7EA-4412-882C-46E3C1154E6F}.Release|Any CPU.Build.0 = Release|Any CPU
		{55990866-C33D-4D59-A3D1-37C4D1DCEA0D}.Debug|Any CPU.ActiveCfg = Debug|Any CPU
		{55990866-C33D-4D59-A3D1-37C4D1DCEA0D}.Debug|Any CPU.Build.0 = Debug|Any CPU
		{55990866-C33D-4D59-A3D1-37C4D1DCEA0D}.Release|Any CPU.ActiveCfg = Release|Any CPU
		{55990866-C33D-4D59-A3D1-37C4D1DCEA0D}.Release|Any CPU.Build.0 = Release|Any CPU
		{47C0C00E-E4C9-4F73-8A7C-C171F46A125A}.Debug|Any CPU.ActiveCfg = Debug|Any CPU
		{47C0C00E-E4C9-4F73-8A7C-C171F46A125A}.Debug|Any CPU.Build.0 = Debug|Any CPU
		{47C0C00E-E4C9-4F73-8A7C-C171F46A125A}.Release|Any CPU.ActiveCfg = Release|Any CPU
		{47C0C00E-E4C9-4F73-8A7C-C171F46A125A}.Release|Any CPU.Build.0 = Release|Any CPU
		{DB37738B-4E4C-4005-AE87-B01FBC9C13C0}.Debug|Any CPU.ActiveCfg = Debug|Any CPU
		{DB37738B-4E4C-4005-AE87-B01FBC9C13C0}.Debug|Any CPU.Build.0 = Debug|Any CPU
		{DB37738B-4E4C-4005-AE87-B01FBC9C13C0}.Release|Any CPU.ActiveCfg = Release|Any CPU
		{DB37738B-4E4C-4005-AE87-B01FBC9C13C0}.Release|Any CPU.Build.0 = Release|Any CPU
		{18A07653-888D-4D42-BB1C-AC42EFC93A95}.Debug|Any CPU.ActiveCfg = Debug|Any CPU
		{18A07653-888D-4D42-BB1C-AC42EFC93A95}.Debug|Any CPU.Build.0 = Debug|Any CPU
		{18A07653-888D-4D42-BB1C-AC42EFC93A95}.Release|Any CPU.ActiveCfg = Release|Any CPU
		{18A07653-888D-4D42-BB1C-AC42EFC93A95}.Release|Any CPU.Build.0 = Release|Any CPU
		{AC7ACB40-3B62-40E6-A817-2C82CDF77BB2}.Debug|Any CPU.ActiveCfg = Debug|Any CPU
		{AC7ACB40-3B62-40E6-A817-2C82CDF77BB2}.Debug|Any CPU.Build.0 = Debug|Any CPU
		{AC7ACB40-3B62-40E6-A817-2C82CDF77BB2}.Release|Any CPU.ActiveCfg = Release|Any CPU
		{AC7ACB40-3B62-40E6-A817-2C82CDF77BB2}.Release|Any CPU.Build.0 = Release|Any CPU
		{8B1BE211-9082-4F09-ACB0-50EFBA567478}.Debug|Any CPU.ActiveCfg = Debug|Any CPU
		{8B1BE211-9082-4F09-ACB0-50EFBA567478}.Debug|Any CPU.Build.0 = Debug|Any CPU
		{8B1BE211-9082-4F09-ACB0-50EFBA567478}.Release|Any CPU.ActiveCfg = Release|Any CPU
		{8B1BE211-9082-4F09-ACB0-50EFBA567478}.Release|Any CPU.Build.0 = Release|Any CPU
		{2511C4A3-6DA6-4894-AAE1-9E8904599F22}.Debug|Any CPU.ActiveCfg = Debug|Any CPU
		{2511C4A3-6DA6-4894-AAE1-9E8904599F22}.Debug|Any CPU.Build.0 = Debug|Any CPU
		{2511C4A3-6DA6-4894-AAE1-9E8904599F22}.Release|Any CPU.ActiveCfg = Release|Any CPU
		{2511C4A3-6DA6-4894-AAE1-9E8904599F22}.Release|Any CPU.Build.0 = Release|Any CPU
		{EEFEC913-6D38-4034-99D7-85ADE3B58F3D}.Debug|Any CPU.ActiveCfg = Debug|Any CPU
		{EEFEC913-6D38-4034-99D7-85ADE3B58F3D}.Debug|Any CPU.Build.0 = Debug|Any CPU
		{EEFEC913-6D38-4034-99D7-85ADE3B58F3D}.Release|Any CPU.ActiveCfg = Release|Any CPU
		{EEFEC913-6D38-4034-99D7-85ADE3B58F3D}.Release|Any CPU.Build.0 = Release|Any CPU
	EndGlobalSection
	GlobalSection(SolutionProperties) = preSolution
		HideSolutionNode = FALSE
	EndGlobalSection
	GlobalSection(ExtensibilityGlobals) = postSolution
		SolutionGuid = {36946A38-9C79-4F6A-9C8C-1BD50B2A113F}
	EndGlobalSection
EndGlobal
